{
  "originHash" : "db2af1b8eef5882ff6441c9d70b5fd44c6fa4585ee75023c85bf3ccd903d0326",
  "pins" : [
    {
      "identity" : "cossistant-admin-swift",
      "kind" : "remoteSourceControl",
      "location" : "https://github.com/seemayr/cossistant-admin-swift",
      "state" : {
        "branch" : "main",
        "revision" : "b2f0bb7510ccec0630caf2a5e7b5a36e66af1932"
      }
    },
    {
      "identity" : "sfsafesymbols",
      "kind" : "remoteSourceControl",
      "location" : "https://github.com/SFSafeSymbols/SFSafeSymbols",
      "state" : {
        "revision" : "e01b3d4f861412f8dcee8d93c417d2c2b0cdfd77",
        "version" : "7.0.0"
      }
    }
  ],
  "version" : 3
}
