{
  "originHash" : "7975b4984a05a361f87c8352bf147d53e327c5392fa2b5e01e7f4ff03b5dc4c8",
  "pins" : [
    {
      "identity" : "sfsafesymbols",
      "kind" : "remoteSourceControl",
      "location" : "https://github.com/SFSafeSymbols/SFSafeSymbols",
      "state" : {
        "revision" : "e01b3d4f861412f8dcee8d93c417d2c2b0cdfd77",
        "version" : "7.0.0"
      }
    }
  ],
  "version" : 3
}
